
Microsoft Visual Studio Solution File, Format Version 12.00
# Visual Studio Version 17
VisualStudioVersion = 17.11.35327.3
MinimumVisualStudioVersion = 10.0.40219.1
Project("{FAE04EC0-301F-11D3-BF4B-00C04F79EFBC}") = "peças", "peças\peças.csproj", "{DE65B65F-E466-4B57-89A8-FF9F568FA58A}"
EndProject
Global
	GlobalSection(SolutionConfigurationPlatforms) = preSolution
		Debug|Any CPU = Debug|Any CPU
		Release|Any CPU = Release|Any CPU
	EndGlobalSection
	GlobalSection(ProjectConfigurationPlatforms) = postSolution
		{DE65B65F-E466-4B57-89A8-FF9F568FA58A}.Debug|Any CPU.ActiveCfg = Debug|Any CPU
		{DE65B65F-E466-4B57-89A8-FF9F568FA58A}.Debug|Any CPU.Build.0 = Debug|Any CPU
		{DE65B65F-E466-4B57-89A8-FF9F568FA58A}.Release|Any CPU.ActiveCfg = Release|Any CPU
		{DE65B65F-E466-4B57-89A8-FF9F568FA58A}.Release|Any CPU.Build.0 = Release|Any CPU
	EndGlobalSection
	GlobalSection(SolutionProperties) = preSolution
		HideSolutionNode = FALSE
	EndGlobalSection
	GlobalSection(ExtensibilityGlobals) = postSolution
		SolutionGuid = {533150E6-1DF9-416B-A3E5-C8468A1EABCE}
	EndGlobalSection
EndGlobal
