
Microsoft Visual Studio Solution File, Format Version 12.00
# Visual Studio Version 17
VisualStudioVersion = 17.11.35327.3
MinimumVisualStudioVersion = 10.0.40219.1
Project("{FAE04EC0-301F-11D3-BF4B-00C04F79EFBC}") = "NOTAS", "NOTAS\NOTAS.csproj", "{285139A4-15F6-46CE-AA2D-3B86851BC2A0}"
EndProject
Global
	GlobalSection(SolutionConfigurationPlatforms) = preSolution
		Debug|Any CPU = Debug|Any CPU
		Release|Any CPU = Release|Any CPU
	EndGlobalSection
	GlobalSection(ProjectConfigurationPlatforms) = postSolution
		{285139A4-15F6-46CE-AA2D-3B86851BC2A0}.Debug|Any CPU.ActiveCfg = Debug|Any CPU
		{285139A4-15F6-46CE-AA2D-3B86851BC2A0}.Debug|Any CPU.Build.0 = Debug|Any CPU
		{285139A4-15F6-46CE-AA2D-3B86851BC2A0}.Release|Any CPU.ActiveCfg = Release|Any CPU
		{285139A4-15F6-46CE-AA2D-3B86851BC2A0}.Release|Any CPU.Build.0 = Release|Any CPU
	EndGlobalSection
	GlobalSection(SolutionProperties) = preSolution
		HideSolutionNode = FALSE
	EndGlobalSection
	GlobalSection(ExtensibilityGlobals) = postSolution
		SolutionGuid = {47810EFA-A137-4BAF-90DA-181443F8A02B}
	EndGlobalSection
EndGlobal
